
Microsoft Visual Studio Solution File, Format Version 12.00
# Visual Studio Version 16
VisualStudioVersion = 16.0.29021.104
MinimumVisualStudioVersion = 10.0.40219.1
Project("{FAE04EC0-301F-11D3-BF4B-00C04F79EFBC}") = "ProbaW", "ProbaW\ProbaW.csproj", "{C73D6AAB-5CF9-4A9D-B578-685DDE2511F6}"
EndProject
Global
	GlobalSection(SolutionConfigurationPlatforms) = preSolution
		Debug|Any CPU = Debug|Any CPU
		Release|Any CPU = Release|Any CPU
	EndGlobalSection
	GlobalSection(ProjectConfigurationPlatforms) = postSolution
		{C73D6AAB-5CF9-4A9D-B578-685DDE2511F6}.Debug|Any CPU.ActiveCfg = Debug|Any CPU
		{C73D6AAB-5CF9-4A9D-B578-685DDE2511F6}.Debug|Any CPU.Build.0 = Debug|Any CPU
		{C73D6AAB-5CF9-4A9D-B578-685DDE2511F6}.Release|Any CPU.ActiveCfg = Release|Any CPU
		{C73D6AAB-5CF9-4A9D-B578-685DDE2511F6}.Release|Any CPU.Build.0 = Release|Any CPU
	EndGlobalSection
	GlobalSection(SolutionProperties) = preSolution
		HideSolutionNode = FALSE
	EndGlobalSection
	GlobalSection(ExtensibilityGlobals) = postSolution
		SolutionGuid = {DDF8ADED-A887-40C9-BF32-165FBF3C9514}
	EndGlobalSection
EndGlobal
